
Microsoft Visual Studio Solution File, Format Version 11.00
# Visual Studio 2010
Project("{FAE04EC0-301F-11D3-BF4B-00C04F79EFBC}") = "ViewMockBase", "ViewMockBase.csproj", "{485BE795-4BE5-42B3-B12E-04089822F131}"
EndProject
Project("{FAE04EC0-301F-11D3-BF4B-00C04F79EFBC}") = "Specs", "..\Specs\Specs.csproj", "{C5BFFD1D-26F7-48FA-9BB4-47E674FF89BC}"
EndProject
Global
	GlobalSection(SolutionConfigurationPlatforms) = preSolution
		Debug|Any CPU = Debug|Any CPU
		Release|Any CPU = Release|Any CPU
	EndGlobalSection
	GlobalSection(ProjectConfigurationPlatforms) = postSolution
		{485BE795-4BE5-42B3-B12E-04089822F131}.Debug|Any CPU.ActiveCfg = Debug|Any CPU
		{485BE795-4BE5-42B3-B12E-04089822F131}.Debug|Any CPU.Build.0 = Debug|Any CPU
		{485BE795-4BE5-42B3-B12E-04089822F131}.Release|Any CPU.ActiveCfg = Release|Any CPU
		{485BE795-4BE5-42B3-B12E-04089822F131}.Release|Any CPU.Build.0 = Release|Any CPU
		{C5BFFD1D-26F7-48FA-9BB4-47E674FF89BC}.Debug|Any CPU.ActiveCfg = Debug|Any CPU
		{C5BFFD1D-26F7-48FA-9BB4-47E674FF89BC}.Debug|Any CPU.Build.0 = Debug|Any CPU
		{C5BFFD1D-26F7-48FA-9BB4-47E674FF89BC}.Release|Any CPU.ActiveCfg = Release|Any CPU
		{C5BFFD1D-26F7-48FA-9BB4-47E674FF89BC}.Release|Any CPU.Build.0 = Release|Any CPU
	EndGlobalSection
	GlobalSection(SolutionProperties) = preSolution
		HideSolutionNode = FALSE
	EndGlobalSection
EndGlobal
